// !$*UTF8*$!
{
	archiveVersion = 1;
	classes = {
	};
	objectVersion = 50;
	objects = {

/* Begin PBXBuildFile section */
		7BD1BD5E517E6E4A6B8A4B1D /* Pods_LosingWait.framework in Frameworks */ = {isa = PBXBuildFile; fileRef = B4B760BA2E83558D80EEBEC2 /* Pods_LosingWait.framework */; };
		CA1B072D2224701C0029E71B /* UIView+Utils.swift in Sources */ = {isa = PBXBuildFile; fileRef = CA1B072C2224701C0029E71B /* UIView+Utils.swift */; };
		CA1B0730222475FD0029E71B /* CurrentWorkout.storyboard in Resources */ = {isa = PBXBuildFile; fileRef = CA1B072F222475FD0029E71B /* CurrentWorkout.storyboard */; };
		CA1B0734222478FC0029E71B /* WorkoutBrowseListViewController.swift in Sources */ = {isa = PBXBuildFile; fileRef = CA1B0733222478FC0029E71B /* WorkoutBrowseListViewController.swift */; };
		CA1B0738222480830029E71B /* BannerCollectionViewCell.swift in Sources */ = {isa = PBXBuildFile; fileRef = CA1B0737222480830029E71B /* BannerCollectionViewCell.swift */; };
		CA1B073A2224812B0029E71B /* Workout.swift in Sources */ = {isa = PBXBuildFile; fileRef = CA1B07392224812B0029E71B /* Workout.swift */; };
		CA1B073C2224815F0029E71B /* Exercise.swift in Sources */ = {isa = PBXBuildFile; fileRef = CA1B073B2224815F0029E71B /* Exercise.swift */; };
		CA1B073E222482610029E71B /* Bannerable.swift in Sources */ = {isa = PBXBuildFile; fileRef = CA1B073D222482610029E71B /* Bannerable.swift */; };
		CA3152D5221F668F00770832 /* WKManager.swift in Sources */ = {isa = PBXBuildFile; fileRef = CA3152D4221F668F00770832 /* WKManager.swift */; };
		CA3152D7221F6D9B00770832 /* Muscle.swift in Sources */ = {isa = PBXBuildFile; fileRef = CA3152D6221F6D9B00770832 /* Muscle.swift */; };
		CA31669D222A2BB70048D788 /* LNPopupController.framework in Frameworks */ = {isa = PBXBuildFile; fileRef = CA31669C222A2BAB0048D788 /* LNPopupController.framework */; };
		CA31669E222A2BB70048D788 /* LNPopupController.framework in Embed Frameworks */ = {isa = PBXBuildFile; fileRef = CA31669C222A2BAB0048D788 /* LNPopupController.framework */; settings = {ATTRIBUTES = (CodeSignOnCopy, RemoveHeadersOnCopy, ); }; };
		CA3DF622221B32E500E70446 /* AppDelegate.swift in Sources */ = {isa = PBXBuildFile; fileRef = CA3DF621221B32E500E70446 /* AppDelegate.swift */; };
		CA3DF627221B32E500E70446 /* Main.storyboard in Resources */ = {isa = PBXBuildFile; fileRef = CA3DF625221B32E500E70446 /* Main.storyboard */; };
		CA3DF62A221B32E500E70446 /* LosingWait.xcdatamodeld in Sources */ = {isa = PBXBuildFile; fileRef = CA3DF628221B32E500E70446 /* LosingWait.xcdatamodeld */; };
		CA3DF62C221B32E600E70446 /* Assets.xcassets in Resources */ = {isa = PBXBuildFile; fileRef = CA3DF62B221B32E600E70446 /* Assets.xcassets */; };
		CA3DF62F221B32E600E70446 /* LaunchScreen.storyboard in Resources */ = {isa = PBXBuildFile; fileRef = CA3DF62D221B32E600E70446 /* LaunchScreen.storyboard */; };
		CA48C64D22208E5C0062BD89 /* Equipment.swift in Sources */ = {isa = PBXBuildFile; fileRef = CA48C64C22208E5C0062BD89 /* Equipment.swift */; };
		CA5036ED221DF05500411484 /* Signin.storyboard in Resources */ = {isa = PBXBuildFile; fileRef = CA5036EC221DF05500411484 /* Signin.storyboard */; };
		CA5036F0221DF06F00411484 /* LoginViewController.swift in Sources */ = {isa = PBXBuildFile; fileRef = CA5036EE221DF06F00411484 /* LoginViewController.swift */; };
		CA5036F1221DF06F00411484 /* RegisterViewController.swift in Sources */ = {isa = PBXBuildFile; fileRef = CA5036EF221DF06F00411484 /* RegisterViewController.swift */; };
		CA79D6C0221F5E3A0055317B /* WorkoutViewController.swift in Sources */ = {isa = PBXBuildFile; fileRef = CA79D6BF221F5E3A0055317B /* WorkoutViewController.swift */; };
		CA79D6C4221F60180055317B /* Workouts.storyboard in Resources */ = {isa = PBXBuildFile; fileRef = CA79D6C3221F60180055317B /* Workouts.storyboard */; };
		CA79D6C6221F61A30055317B /* WorkoutBrowseViewController.swift in Sources */ = {isa = PBXBuildFile; fileRef = CA79D6C5221F61A30055317B /* WorkoutBrowseViewController.swift */; };
		CA79D6C8221F63B80055317B /* Injectable.swift in Sources */ = {isa = PBXBuildFile; fileRef = CA79D6C7221F63B80055317B /* Injectable.swift */; };
		CAC072BA221B37AC0065BF72 /* MainTabBarController.swift in Sources */ = {isa = PBXBuildFile; fileRef = CAC072B9221B37AC0065BF72 /* MainTabBarController.swift */; };
		CAC072BC221B3DDB0065BF72 /* ProfileViewController.swift in Sources */ = {isa = PBXBuildFile; fileRef = CAC072BB221B3DDB0065BF72 /* ProfileViewController.swift */; };
		CAC072BF221B3F2E0065BF72 /* NotificationBanner.swift in Sources */ = {isa = PBXBuildFile; fileRef = CAC072BE221B3F2E0065BF72 /* NotificationBanner.swift */; };
/* End PBXBuildFile section */

/* Begin PBXContainerItemProxy section */
		CA31669B222A2BAB0048D788 /* PBXContainerItemProxy */ = {
			isa = PBXContainerItemProxy;
			containerPortal = CA316697222A2BAB0048D788 /* LNPopupController.xcodeproj */;
			proxyType = 2;
			remoteGlobalIDString = 39DB52E51B5823330061C589;
			remoteInfo = LNPopupController;
		};
		CA31669F222A2BB70048D788 /* PBXContainerItemProxy */ = {
			isa = PBXContainerItemProxy;
			containerPortal = CA316697222A2BAB0048D788 /* LNPopupController.xcodeproj */;
			proxyType = 1;
			remoteGlobalIDString = 39DB52E41B5823330061C589;
			remoteInfo = LNPopupController;
		};
/* End PBXContainerItemProxy section */

/* Begin PBXCopyFilesBuildPhase section */
		CA3166A1222A2BB70048D788 /* Embed Frameworks */ = {
			isa = PBXCopyFilesBuildPhase;
			buildActionMask = 2147483647;
			dstPath = "";
			dstSubfolderSpec = 10;
			files = (
				CA31669E222A2BB70048D788 /* LNPopupController.framework in Embed Frameworks */,
			);
			name = "Embed Frameworks";
			runOnlyForDeploymentPostprocessing = 0;
		};
/* End PBXCopyFilesBuildPhase section */

/* Begin PBXFileReference section */
		1E8C087BA582491148334264 /* Pods-LosingWait.release.xcconfig */ = {isa = PBXFileReference; includeInIndex = 1; lastKnownFileType = text.xcconfig; name = "Pods-LosingWait.release.xcconfig"; path = "Pods/Target Support Files/Pods-LosingWait/Pods-LosingWait.release.xcconfig"; sourceTree = "<group>"; };
		7F608CB5EAF198A4F09C4F86 /* Pods-LosingWait.debug.xcconfig */ = {isa = PBXFileReference; includeInIndex = 1; lastKnownFileType = text.xcconfig; name = "Pods-LosingWait.debug.xcconfig"; path = "Pods/Target Support Files/Pods-LosingWait/Pods-LosingWait.debug.xcconfig"; sourceTree = "<group>"; };
		B4B760BA2E83558D80EEBEC2 /* Pods_LosingWait.framework */ = {isa = PBXFileReference; explicitFileType = wrapper.framework; includeInIndex = 0; path = Pods_LosingWait.framework; sourceTree = BUILT_PRODUCTS_DIR; };
		CA1B072C2224701C0029E71B /* UIView+Utils.swift */ = {isa = PBXFileReference; lastKnownFileType = sourcecode.swift; path = "UIView+Utils.swift"; sourceTree = "<group>"; };
		CA1B072F222475FD0029E71B /* CurrentWorkout.storyboard */ = {isa = PBXFileReference; lastKnownFileType = file.storyboard; path = CurrentWorkout.storyboard; sourceTree = "<group>"; };
		CA1B0733222478FC0029E71B /* WorkoutBrowseListViewController.swift */ = {isa = PBXFileReference; lastKnownFileType = sourcecode.swift; path = WorkoutBrowseListViewController.swift; sourceTree = "<group>"; };
		CA1B0737222480830029E71B /* BannerCollectionViewCell.swift */ = {isa = PBXFileReference; lastKnownFileType = sourcecode.swift; path = BannerCollectionViewCell.swift; sourceTree = "<group>"; };
		CA1B07392224812B0029E71B /* Workout.swift */ = {isa = PBXFileReference; lastKnownFileType = sourcecode.swift; path = Workout.swift; sourceTree = "<group>"; };
		CA1B073B2224815F0029E71B /* Exercise.swift */ = {isa = PBXFileReference; lastKnownFileType = sourcecode.swift; path = Exercise.swift; sourceTree = "<group>"; };
		CA1B073D222482610029E71B /* Bannerable.swift */ = {isa = PBXFileReference; lastKnownFileType = sourcecode.swift; path = Bannerable.swift; sourceTree = "<group>"; };
		CA3152D4221F668F00770832 /* WKManager.swift */ = {isa = PBXFileReference; lastKnownFileType = sourcecode.swift; path = WKManager.swift; sourceTree = "<group>"; };
		CA3152D6221F6D9B00770832 /* Muscle.swift */ = {isa = PBXFileReference; lastKnownFileType = sourcecode.swift; path = Muscle.swift; sourceTree = "<group>"; };
		CA316697222A2BAB0048D788 /* LNPopupController.xcodeproj */ = {isa = PBXFileReference; lastKnownFileType = "wrapper.pb-project"; name = LNPopupController.xcodeproj; path = Popup/LNPopupController.xcodeproj; sourceTree = "<group>"; };
		CA3DF61E221B32E500E70446 /* LosingWait.app */ = {isa = PBXFileReference; explicitFileType = wrapper.application; includeInIndex = 0; path = LosingWait.app; sourceTree = BUILT_PRODUCTS_DIR; };
		CA3DF621221B32E500E70446 /* AppDelegate.swift */ = {isa = PBXFileReference; lastKnownFileType = sourcecode.swift; path = AppDelegate.swift; sourceTree = "<group>"; };
		CA3DF626221B32E500E70446 /* Base */ = {isa = PBXFileReference; lastKnownFileType = file.storyboard; name = Base; path = Base.lproj/Main.storyboard; sourceTree = "<group>"; };
		CA3DF629221B32E500E70446 /* LosingWait.xcdatamodel */ = {isa = PBXFileReference; lastKnownFileType = wrapper.xcdatamodel; path = LosingWait.xcdatamodel; sourceTree = "<group>"; };
		CA3DF62B221B32E600E70446 /* Assets.xcassets */ = {isa = PBXFileReference; lastKnownFileType = folder.assetcatalog; path = Assets.xcassets; sourceTree = "<group>"; };
		CA3DF62E221B32E600E70446 /* Base */ = {isa = PBXFileReference; lastKnownFileType = file.storyboard; name = Base; path = Base.lproj/LaunchScreen.storyboard; sourceTree = "<group>"; };
		CA3DF630221B32E600E70446 /* Info.plist */ = {isa = PBXFileReference; lastKnownFileType = text.plist.xml; path = Info.plist; sourceTree = "<group>"; };
		CA48C64C22208E5C0062BD89 /* Equipment.swift */ = {isa = PBXFileReference; lastKnownFileType = sourcecode.swift; path = Equipment.swift; sourceTree = "<group>"; };
		CA5036EC221DF05500411484 /* Signin.storyboard */ = {isa = PBXFileReference; lastKnownFileType = file.storyboard; path = Signin.storyboard; sourceTree = "<group>"; };
		CA5036EE221DF06F00411484 /* LoginViewController.swift */ = {isa = PBXFileReference; fileEncoding = 4; lastKnownFileType = sourcecode.swift; path = LoginViewController.swift; sourceTree = "<group>"; };
		CA5036EF221DF06F00411484 /* RegisterViewController.swift */ = {isa = PBXFileReference; fileEncoding = 4; lastKnownFileType = sourcecode.swift; path = RegisterViewController.swift; sourceTree = "<group>"; };
		CA79D6BF221F5E3A0055317B /* WorkoutViewController.swift */ = {isa = PBXFileReference; lastKnownFileType = sourcecode.swift; path = WorkoutViewController.swift; sourceTree = "<group>"; };
		CA79D6C3221F60180055317B /* Workouts.storyboard */ = {isa = PBXFileReference; lastKnownFileType = file.storyboard; path = Workouts.storyboard; sourceTree = "<group>"; };
		CA79D6C5221F61A30055317B /* WorkoutBrowseViewController.swift */ = {isa = PBXFileReference; lastKnownFileType = sourcecode.swift; path = WorkoutBrowseViewController.swift; sourceTree = "<group>"; };
		CA79D6C7221F63B80055317B /* Injectable.swift */ = {isa = PBXFileReference; lastKnownFileType = sourcecode.swift; path = Injectable.swift; sourceTree = "<group>"; };
		CAC072B9221B37AC0065BF72 /* MainTabBarController.swift */ = {isa = PBXFileReference; lastKnownFileType = sourcecode.swift; path = MainTabBarController.swift; sourceTree = "<group>"; };
		CAC072BB221B3DDB0065BF72 /* ProfileViewController.swift */ = {isa = PBXFileReference; lastKnownFileType = sourcecode.swift; path = ProfileViewController.swift; sourceTree = "<group>"; };
		CAC072BE221B3F2E0065BF72 /* NotificationBanner.swift */ = {isa = PBXFileReference; lastKnownFileType = sourcecode.swift; path = NotificationBanner.swift; sourceTree = "<group>"; };
/* End PBXFileReference section */

/* Begin PBXFrameworksBuildPhase section */
		CA3DF61B221B32E500E70446 /* Frameworks */ = {
			isa = PBXFrameworksBuildPhase;
			buildActionMask = 2147483647;
			files = (
				7BD1BD5E517E6E4A6B8A4B1D /* Pods_LosingWait.framework in Frameworks */,
				CA31669D222A2BB70048D788 /* LNPopupController.framework in Frameworks */,
			);
			runOnlyForDeploymentPostprocessing = 0;
		};
/* End PBXFrameworksBuildPhase section */

/* Begin PBXGroup section */
		7096258A8AE85687ABB49504 /* Pods */ = {
			isa = PBXGroup;
			children = (
				7F608CB5EAF198A4F09C4F86 /* Pods-LosingWait.debug.xcconfig */,
				1E8C087BA582491148334264 /* Pods-LosingWait.release.xcconfig */,
			);
			name = Pods;
			sourceTree = "<group>";
		};
		CA1B072B22246EF30029E71B /* Current Workout */ = {
			isa = PBXGroup;
			children = (
				CA1B072C2224701C0029E71B /* UIView+Utils.swift */,
				CA1B072F222475FD0029E71B /* CurrentWorkout.storyboard */,
			);
			path = "Current Workout";
			sourceTree = "<group>";
		};
		CA3152D3221F667B00770832 /* API */ = {
			isa = PBXGroup;
			children = (
				CA3152D4221F668F00770832 /* WKManager.swift */,
				CA3152D6221F6D9B00770832 /* Muscle.swift */,
				CA48C64C22208E5C0062BD89 /* Equipment.swift */,
				CA1B07392224812B0029E71B /* Workout.swift */,
				CA1B073B2224815F0029E71B /* Exercise.swift */,
				CA1B073D222482610029E71B /* Bannerable.swift */,
			);
			path = API;
			sourceTree = "<group>";
		};
		CA316698222A2BAB0048D788 /* Products */ = {
			isa = PBXGroup;
			children = (
				CA31669C222A2BAB0048D788 /* LNPopupController.framework */,
			);
			name = Products;
			sourceTree = "<group>";
		};
		CA3DF615221B32E500E70446 = {
			isa = PBXGroup;
			children = (
				CA316697222A2BAB0048D788 /* LNPopupController.xcodeproj */,
				CA3DF620221B32E500E70446 /* LosingWait */,
				CA3DF61F221B32E500E70446 /* Products */,
				7096258A8AE85687ABB49504 /* Pods */,
				FE2D0E78508A46404818D1FB /* Frameworks */,
			);
			sourceTree = "<group>";
		};
		CA3DF61F221B32E500E70446 /* Products */ = {
			isa = PBXGroup;
			children = (
				CA3DF61E221B32E500E70446 /* LosingWait.app */,
			);
			name = Products;
			sourceTree = "<group>";
		};
		CA3DF620221B32E500E70446 /* LosingWait */ = {
			isa = PBXGroup;
			children = (
				CA3DF621221B32E500E70446 /* AppDelegate.swift */,
				CAC072B9221B37AC0065BF72 /* MainTabBarController.swift */,
				CA3DF625221B32E500E70446 /* Main.storyboard */,
				CA1B072B22246EF30029E71B /* Current Workout */,
				CA79D6BE221F5E280055317B /* Workouts */,
				CA5036F2221DF07400411484 /* Registration */,
				CAC072BD221B3DDE0065BF72 /* Profile */,
				CAC072C0221B3F420065BF72 /* UI */,
				CA3152D3221F667B00770832 /* API */,
				CA3DF62B221B32E600E70446 /* Assets.xcassets */,
				CA3DF62D221B32E600E70446 /* LaunchScreen.storyboard */,
				CA3DF630221B32E600E70446 /* Info.plist */,
				CA3DF628221B32E500E70446 /* LosingWait.xcdatamodeld */,
			);
			path = LosingWait;
			sourceTree = "<group>";
		};
		CA5036F2221DF07400411484 /* Registration */ = {
			isa = PBXGroup;
			children = (
				CA5036EC221DF05500411484 /* Signin.storyboard */,
				CA5036EF221DF06F00411484 /* RegisterViewController.swift */,
				CA5036EE221DF06F00411484 /* LoginViewController.swift */,
			);
			path = Registration;
			sourceTree = "<group>";
		};
		CA79D6BE221F5E280055317B /* Workouts */ = {
			isa = PBXGroup;
			children = (
				CA79D6C3221F60180055317B /* Workouts.storyboard */,
				CA79D6BF221F5E3A0055317B /* WorkoutViewController.swift */,
				CA79D6C5221F61A30055317B /* WorkoutBrowseViewController.swift */,
				CA1B0733222478FC0029E71B /* WorkoutBrowseListViewController.swift */,
				CA1B0737222480830029E71B /* BannerCollectionViewCell.swift */,
			);
			path = Workouts;
			sourceTree = "<group>";
		};
		CAC072BD221B3DDE0065BF72 /* Profile */ = {
			isa = PBXGroup;
			children = (
				CAC072BB221B3DDB0065BF72 /* ProfileViewController.swift */,
			);
			path = Profile;
			sourceTree = "<group>";
		};
		CAC072C0221B3F420065BF72 /* UI */ = {
			isa = PBXGroup;
			children = (
				CAC072BE221B3F2E0065BF72 /* NotificationBanner.swift */,
				CA79D6C7221F63B80055317B /* Injectable.swift */,
			);
			path = UI;
			sourceTree = "<group>";
		};
		FE2D0E78508A46404818D1FB /* Frameworks */ = {
			isa = PBXGroup;
			children = (
				B4B760BA2E83558D80EEBEC2 /* Pods_LosingWait.framework */,
			);
			name = Frameworks;
			sourceTree = "<group>";
		};
/* End PBXGroup section */

/* Begin PBXNativeTarget section */
		CA3DF61D221B32E500E70446 /* LosingWait */ = {
			isa = PBXNativeTarget;
			buildConfigurationList = CA3DF633221B32E600E70446 /* Build configuration list for PBXNativeTarget "LosingWait" */;
			buildPhases = (
				027D4A4735224979BCD95097 /* [CP] Check Pods Manifest.lock */,
				CA3DF61A221B32E500E70446 /* Sources */,
				CA3DF61B221B32E500E70446 /* Frameworks */,
				CA3DF61C221B32E500E70446 /* Resources */,
				8C67A0DBA01A46CC7B2095E3 /* [CP] Embed Pods Frameworks */,
				CA3166A1222A2BB70048D788 /* Embed Frameworks */,
			);
			buildRules = (
			);
			dependencies = (
				CA3166A0222A2BB70048D788 /* PBXTargetDependency */,
			);
			name = LosingWait;
			productName = LosingWait;
			productReference = CA3DF61E221B32E500E70446 /* LosingWait.app */;
			productType = "com.apple.product-type.application";
		};
/* End PBXNativeTarget section */

/* Begin PBXProject section */
		CA3DF616221B32E500E70446 /* Project object */ = {
			isa = PBXProject;
			attributes = {
				LastSwiftUpdateCheck = 1010;
				LastUpgradeCheck = 1010;
				ORGANIZATIONNAME = "Mike JS. Choi";
				TargetAttributes = {
					CA3DF61D221B32E500E70446 = {
						CreatedOnToolsVersion = 10.1;
					};
				};
			};
			buildConfigurationList = CA3DF619221B32E500E70446 /* Build configuration list for PBXProject "LosingWait" */;
			compatibilityVersion = "Xcode 9.3";
			developmentRegion = en;
			hasScannedForEncodings = 0;
			knownRegions = (
				en,
				Base,
			);
			mainGroup = CA3DF615221B32E500E70446;
			productRefGroup = CA3DF61F221B32E500E70446 /* Products */;
			projectDirPath = "";
			projectReferences = (
				{
					ProductGroup = CA316698222A2BAB0048D788 /* Products */;
					ProjectRef = CA316697222A2BAB0048D788 /* LNPopupController.xcodeproj */;
				},
			);
			projectRoot = "";
			targets = (
				CA3DF61D221B32E500E70446 /* LosingWait */,
			);
		};
/* End PBXProject section */

/* Begin PBXReferenceProxy section */
		CA31669C222A2BAB0048D788 /* LNPopupController.framework */ = {
			isa = PBXReferenceProxy;
			fileType = wrapper.framework;
			path = LNPopupController.framework;
			remoteRef = CA31669B222A2BAB0048D788 /* PBXContainerItemProxy */;
			sourceTree = BUILT_PRODUCTS_DIR;
		};
/* End PBXReferenceProxy section */

/* Begin PBXResourcesBuildPhase section */
		CA3DF61C221B32E500E70446 /* Resources */ = {
			isa = PBXResourcesBuildPhase;
			buildActionMask = 2147483647;
			files = (
				CA1B0730222475FD0029E71B /* CurrentWorkout.storyboard in Resources */,
				CA5036ED221DF05500411484 /* Signin.storyboard in Resources */,
				CA79D6C4221F60180055317B /* Workouts.storyboard in Resources */,
				CA3DF62F221B32E600E70446 /* LaunchScreen.storyboard in Resources */,
				CA3DF62C221B32E600E70446 /* Assets.xcassets in Resources */,
				CA3DF627221B32E500E70446 /* Main.storyboard in Resources */,
			);
			runOnlyForDeploymentPostprocessing = 0;
		};
/* End PBXResourcesBuildPhase section */

/* Begin PBXShellScriptBuildPhase section */
		027D4A4735224979BCD95097 /* [CP] Check Pods Manifest.lock */ = {
			isa = PBXShellScriptBuildPhase;
			buildActionMask = 2147483647;
			files = (
			);
			inputPaths = (
				"${PODS_PODFILE_DIR_PATH}/Podfile.lock",
				"${PODS_ROOT}/Manifest.lock",
			);
			name = "[CP] Check Pods Manifest.lock";
			outputPaths = (
				"$(DERIVED_FILE_DIR)/Pods-LosingWait-checkManifestLockResult.txt",
			);
			runOnlyForDeploymentPostprocessing = 0;
			shellPath = /bin/sh;
			shellScript = "diff \"${PODS_PODFILE_DIR_PATH}/Podfile.lock\" \"${PODS_ROOT}/Manifest.lock\" > /dev/null\nif [ $? != 0 ] ; then\n    # print error to STDERR\n    echo \"error: The sandbox is not in sync with the Podfile.lock. Run 'pod install' or update your CocoaPods installation.\" >&2\n    exit 1\nfi\n# This output is used by Xcode 'outputs' to avoid re-running this script phase.\necho \"SUCCESS\" > \"${SCRIPT_OUTPUT_FILE_0}\"\n";
			showEnvVarsInLog = 0;
		};
		8C67A0DBA01A46CC7B2095E3 /* [CP] Embed Pods Frameworks */ = {
			isa = PBXShellScriptBuildPhase;
			buildActionMask = 2147483647;
			files = (
			);
			inputPaths = (
				"${SRCROOT}/Pods/Target Support Files/Pods-LosingWait/Pods-LosingWait-frameworks.sh",
				"${BUILT_PRODUCTS_DIR}/Alamofire/Alamofire.framework",
				"${BUILT_PRODUCTS_DIR}/MarqueeLabel/MarqueeLabel.framework",
				"${BUILT_PRODUCTS_DIR}/NotificationBannerSwift/NotificationBannerSwift.framework",
				"${BUILT_PRODUCTS_DIR}/Panels/Panels.framework",
				"${BUILT_PRODUCTS_DIR}/SkyFloatingLabelTextField/SkyFloatingLabelTextField.framework",
				"${BUILT_PRODUCTS_DIR}/SnapKit/SnapKit.framework",
			);
			name = "[CP] Embed Pods Frameworks";
			outputPaths = (
				"${TARGET_BUILD_DIR}/${FRAMEWORKS_FOLDER_PATH}/Alamofire.framework",
				"${TARGET_BUILD_DIR}/${FRAMEWORKS_FOLDER_PATH}/MarqueeLabel.framework",
				"${TARGET_BUILD_DIR}/${FRAMEWORKS_FOLDER_PATH}/NotificationBannerSwift.framework",
				"${TARGET_BUILD_DIR}/${FRAMEWORKS_FOLDER_PATH}/Panels.framework",
				"${TARGET_BUILD_DIR}/${FRAMEWORKS_FOLDER_PATH}/SkyFloatingLabelTextField.framework",
				"${TARGET_BUILD_DIR}/${FRAMEWORKS_FOLDER_PATH}/SnapKit.framework",
			);
			runOnlyForDeploymentPostprocessing = 0;
			shellPath = /bin/sh;
			shellScript = "\"${SRCROOT}/Pods/Target Support Files/Pods-LosingWait/Pods-LosingWait-frameworks.sh\"\n";
			showEnvVarsInLog = 0;
		};
/* End PBXShellScriptBuildPhase section */

/* Begin PBXSourcesBuildPhase section */
		CA3DF61A221B32E500E70446 /* Sources */ = {
			isa = PBXSourcesBuildPhase;
			buildActionMask = 2147483647;
			files = (
				CA79D6C8221F63B80055317B /* Injectable.swift in Sources */,
				CA79D6C6221F61A30055317B /* WorkoutBrowseViewController.swift in Sources */,
				CA79D6C0221F5E3A0055317B /* WorkoutViewController.swift in Sources */,
				CA5036F0221DF06F00411484 /* LoginViewController.swift in Sources */,
				CA3DF62A221B32E500E70446 /* LosingWait.xcdatamodeld in Sources */,
				CA5036F1221DF06F00411484 /* RegisterViewController.swift in Sources */,
				CA1B0738222480830029E71B /* BannerCollectionViewCell.swift in Sources */,
				CA1B073C2224815F0029E71B /* Exercise.swift in Sources */,
				CA48C64D22208E5C0062BD89 /* Equipment.swift in Sources */,
				CA1B0734222478FC0029E71B /* WorkoutBrowseListViewController.swift in Sources */,
				CA3DF622221B32E500E70446 /* AppDelegate.swift in Sources */,
				CA3152D5221F668F00770832 /* WKManager.swift in Sources */,
				CA1B073E222482610029E71B /* Bannerable.swift in Sources */,
				CA3152D7221F6D9B00770832 /* Muscle.swift in Sources */,
				CAC072BC221B3DDB0065BF72 /* ProfileViewController.swift in Sources */,
				CAC072BA221B37AC0065BF72 /* MainTabBarController.swift in Sources */,
				CAC072BF221B3F2E0065BF72 /* NotificationBanner.swift in Sources */,
				CA1B073A2224812B0029E71B /* Workout.swift in Sources */,
				CA1B072D2224701C0029E71B /* UIView+Utils.swift in Sources */,
			);
			runOnlyForDeploymentPostprocessing = 0;
		};
/* End PBXSourcesBuildPhase section */

/* Begin PBXTargetDependency section */
		CA3166A0222A2BB70048D788 /* PBXTargetDependency */ = {
			isa = PBXTargetDependency;
			name = LNPopupController;
			targetProxy = CA31669F222A2BB70048D788 /* PBXContainerItemProxy */;
		};
/* End PBXTargetDependency section */

/* Begin PBXVariantGroup section */
		CA3DF625221B32E500E70446 /* Main.storyboard */ = {
			isa = PBXVariantGroup;
			children = (
				CA3DF626221B32E500E70446 /* Base */,
			);
			name = Main.storyboard;
			sourceTree = "<group>";
		};
		CA3DF62D221B32E600E70446 /* LaunchScreen.storyboard */ = {
			isa = PBXVariantGroup;
			children = (
				CA3DF62E221B32E600E70446 /* Base */,
			);
			name = LaunchScreen.storyboard;
			sourceTree = "<group>";
		};
/* End PBXVariantGroup section */

/* Begin XCBuildConfiguration section */
		CA3DF631221B32E600E70446 /* Debug */ = {
			isa = XCBuildConfiguration;
			buildSettings = {
				ALWAYS_SEARCH_USER_PATHS = NO;
				CLANG_ANALYZER_NONNULL = YES;
				CLANG_ANALYZER_NUMBER_OBJECT_CONVERSION = YES_AGGRESSIVE;
				CLANG_CXX_LANGUAGE_STANDARD = "gnu++14";
				CLANG_CXX_LIBRARY = "libc++";
				CLANG_ENABLE_MODULES = YES;
				CLANG_ENABLE_OBJC_ARC = YES;
				CLANG_ENABLE_OBJC_WEAK = YES;
				CLANG_WARN_BLOCK_CAPTURE_AUTORELEASING = YES;
				CLANG_WARN_BOOL_CONVERSION = YES;
				CLANG_WARN_COMMA = YES;
				CLANG_WARN_CONSTANT_CONVERSION = YES;
				CLANG_WARN_DEPRECATED_OBJC_IMPLEMENTATIONS = YES;
				CLANG_WARN_DIRECT_OBJC_ISA_USAGE = YES_ERROR;
				CLANG_WARN_DOCUMENTATION_COMMENTS = YES;
				CLANG_WARN_EMPTY_BODY = YES;
				CLANG_WARN_ENUM_CONVERSION = YES;
				CLANG_WARN_INFINITE_RECURSION = YES;
				CLANG_WARN_INT_CONVERSION = YES;
				CLANG_WARN_NON_LITERAL_NULL_CONVERSION = YES;
				CLANG_WARN_OBJC_IMPLICIT_RETAIN_SELF = YES;
				CLANG_WARN_OBJC_LITERAL_CONVERSION = YES;
				CLANG_WARN_OBJC_ROOT_CLASS = YES_ERROR;
				CLANG_WARN_RANGE_LOOP_ANALYSIS = YES;
				CLANG_WARN_STRICT_PROTOTYPES = YES;
				CLANG_WARN_SUSPICIOUS_MOVE = YES;
				CLANG_WARN_UNGUARDED_AVAILABILITY = YES_AGGRESSIVE;
				CLANG_WARN_UNREACHABLE_CODE = YES;
				CLANG_WARN__DUPLICATE_METHOD_MATCH = YES;
				CODE_SIGN_IDENTITY = "iPhone Developer";
				COPY_PHASE_STRIP = NO;
				DEBUG_INFORMATION_FORMAT = dwarf;
				ENABLE_STRICT_OBJC_MSGSEND = YES;
				ENABLE_TESTABILITY = YES;
				GCC_C_LANGUAGE_STANDARD = gnu11;
				GCC_DYNAMIC_NO_PIC = NO;
				GCC_NO_COMMON_BLOCKS = YES;
				GCC_OPTIMIZATION_LEVEL = 0;
				GCC_PREPROCESSOR_DEFINITIONS = (
					"DEBUG=1",
					"$(inherited)",
				);
				GCC_WARN_64_TO_32_BIT_CONVERSION = YES;
				GCC_WARN_ABOUT_RETURN_TYPE = YES_ERROR;
				GCC_WARN_UNDECLARED_SELECTOR = YES;
				GCC_WARN_UNINITIALIZED_AUTOS = YES_AGGRESSIVE;
				GCC_WARN_UNUSED_FUNCTION = YES;
				GCC_WARN_UNUSED_VARIABLE = YES;
				IPHONEOS_DEPLOYMENT_TARGET = 12.1;
				MTL_ENABLE_DEBUG_INFO = INCLUDE_SOURCE;
				MTL_FAST_MATH = YES;
				ONLY_ACTIVE_ARCH = YES;
				SDKROOT = iphoneos;
				SWIFT_ACTIVE_COMPILATION_CONDITIONS = DEBUG;
				SWIFT_OPTIMIZATION_LEVEL = "-Onone";
			};
			name = Debug;
		};
		CA3DF632221B32E600E70446 /* Release */ = {
			isa = XCBuildConfiguration;
			buildSettings = {
				ALWAYS_SEARCH_USER_PATHS = NO;
				CLANG_ANALYZER_NONNULL = YES;
				CLANG_ANALYZER_NUMBER_OBJECT_CONVERSION = YES_AGGRESSIVE;
				CLANG_CXX_LANGUAGE_STANDARD = "gnu++14";
				CLANG_CXX_LIBRARY = "libc++";
				CLANG_ENABLE_MODULES = YES;
				CLANG_ENABLE_OBJC_ARC = YES;
				CLANG_ENABLE_OBJC_WEAK = YES;
				CLANG_WARN_BLOCK_CAPTURE_AUTORELEASING = YES;
				CLANG_WARN_BOOL_CONVERSION = YES;
				CLANG_WARN_COMMA = YES;
				CLANG_WARN_CONSTANT_CONVERSION = YES;
				CLANG_WARN_DEPRECATED_OBJC_IMPLEMENTATIONS = YES;
				CLANG_WARN_DIRECT_OBJC_ISA_USAGE = YES_ERROR;
				CLANG_WARN_DOCUMENTATION_COMMENTS = YES;
				CLANG_WARN_EMPTY_BODY = YES;
				CLANG_WARN_ENUM_CONVERSION = YES;
				CLANG_WARN_INFINITE_RECURSION = YES;
				CLANG_WARN_INT_CONVERSION = YES;
				CLANG_WARN_NON_LITERAL_NULL_CONVERSION = YES;
				CLANG_WARN_OBJC_IMPLICIT_RETAIN_SELF = YES;
				CLANG_WARN_OBJC_LITERAL_CONVERSION = YES;
				CLANG_WARN_OBJC_ROOT_CLASS = YES_ERROR;
				CLANG_WARN_RANGE_LOOP_ANALYSIS = YES;
				CLANG_WARN_STRICT_PROTOTYPES = YES;
				CLANG_WARN_SUSPICIOUS_MOVE = YES;
				CLANG_WARN_UNGUARDED_AVAILABILITY = YES_AGGRESSIVE;
				CLANG_WARN_UNREACHABLE_CODE = YES;
				CLANG_WARN__DUPLICATE_METHOD_MATCH = YES;
				CODE_SIGN_IDENTITY = "iPhone Developer";
				COPY_PHASE_STRIP = NO;
				DEBUG_INFORMATION_FORMAT = "dwarf-with-dsym";
				ENABLE_NS_ASSERTIONS = NO;
				ENABLE_STRICT_OBJC_MSGSEND = YES;
				GCC_C_LANGUAGE_STANDARD = gnu11;
				GCC_NO_COMMON_BLOCKS = YES;
				GCC_WARN_64_TO_32_BIT_CONVERSION = YES;
				GCC_WARN_ABOUT_RETURN_TYPE = YES_ERROR;
				GCC_WARN_UNDECLARED_SELECTOR = YES;
				GCC_WARN_UNINITIALIZED_AUTOS = YES_AGGRESSIVE;
				GCC_WARN_UNUSED_FUNCTION = YES;
				GCC_WARN_UNUSED_VARIABLE = YES;
				IPHONEOS_DEPLOYMENT_TARGET = 12.1;
				MTL_ENABLE_DEBUG_INFO = NO;
				MTL_FAST_MATH = YES;
				SDKROOT = iphoneos;
				SWIFT_COMPILATION_MODE = wholemodule;
				SWIFT_OPTIMIZATION_LEVEL = "-O";
				VALIDATE_PRODUCT = YES;
			};
			name = Release;
		};
		CA3DF634221B32E600E70446 /* Debug */ = {
			isa = XCBuildConfiguration;
			baseConfigurationReference = 7F608CB5EAF198A4F09C4F86 /* Pods-LosingWait.debug.xcconfig */;
			buildSettings = {
				ASSETCATALOG_COMPILER_APPICON_NAME = AppIcon;
				CODE_SIGN_STYLE = Automatic;
				DEVELOPMENT_TEAM = 7J57M62A98;
				INFOPLIST_FILE = LosingWait/Info.plist;
				LD_RUNPATH_SEARCH_PATHS = (
					"$(inherited)",
					"@executable_path/Frameworks",
				);
				PRODUCT_BUNDLE_IDENTIFIER = com.mjc.LosingWait;
				PRODUCT_NAME = "$(TARGET_NAME)";
				SWIFT_VERSION = 4.2;
				TARGETED_DEVICE_FAMILY = "1,2";
			};
			name = Debug;
		};
		CA3DF635221B32E600E70446 /* Release */ = {
			isa = XCBuildConfiguration;
			baseConfigurationReference = 1E8C087BA582491148334264 /* Pods-LosingWait.release.xcconfig */;
			buildSettings = {
				ASSETCATALOG_COMPILER_APPICON_NAME = AppIcon;
				CODE_SIGN_STYLE = Automatic;
				DEVELOPMENT_TEAM = 7J57M62A98;
				INFOPLIST_FILE = LosingWait/Info.plist;
				LD_RUNPATH_SEARCH_PATHS = (
					"$(inherited)",
					"@executable_path/Frameworks",
				);
				PRODUCT_BUNDLE_IDENTIFIER = com.mjc.LosingWait;
				PRODUCT_NAME = "$(TARGET_NAME)";
				SWIFT_VERSION = 4.2;
				TARGETED_DEVICE_FAMILY = "1,2";
			};
			name = Release;
		};
/* End XCBuildConfiguration section */

/* Begin XCConfigurationList section */
		CA3DF619221B32E500E70446 /* Build configuration list for PBXProject "LosingWait" */ = {
			isa = XCConfigurationList;
			buildConfigurations = (
				CA3DF631221B32E600E70446 /* Debug */,
				CA3DF632221B32E600E70446 /* Release */,
			);
			defaultConfigurationIsVisible = 0;
			defaultConfigurationName = Release;
		};
		CA3DF633221B32E600E70446 /* Build configuration list for PBXNativeTarget "LosingWait" */ = {
			isa = XCConfigurationList;
			buildConfigurations = (
				CA3DF634221B32E600E70446 /* Debug */,
				CA3DF635221B32E600E70446 /* Release */,
			);
			defaultConfigurationIsVisible = 0;
			defaultConfigurationName = Release;
		};
/* End XCConfigurationList section */

/* Begin XCVersionGroup section */
		CA3DF628221B32E500E70446 /* LosingWait.xcdatamodeld */ = {
			isa = XCVersionGroup;
			children = (
				CA3DF629221B32E500E70446 /* LosingWait.xcdatamodel */,
			);
			currentVersion = CA3DF629221B32E500E70446 /* LosingWait.xcdatamodel */;
			path = LosingWait.xcdatamodeld;
			sourceTree = "<group>";
			versionGroupType = wrapper.xcdatamodel;
		};
/* End XCVersionGroup section */
	};
	rootObject = CA3DF616221B32E500E70446 /* Project object */;
}
