PODS:
  - Alamofire (4.8.2)
  - Eureka (5.0.0)
  - MarqueeLabel/Swift (3.2.1)
  - NotificationBannerSwift (2.0.1):
    - MarqueeLabel/Swift (~> 3.2.0)
    - SnapKit (~> 4.2.0)
  - SkyFloatingLabelTextField (3.6.0)
  - SnapKit (4.2.0)

DEPENDENCIES:
  - Alamofire
  - Eureka
  - NotificationBannerSwift
  - SkyFloatingLabelTextField

SPEC REPOS:
  https://github.com/cocoapods/specs.git:
    - Alamofire
    - Eureka
    - MarqueeLabel
    - NotificationBannerSwift
    - SkyFloatingLabelTextField
    - SnapKit

SPEC CHECKSUMS:
  Alamofire: ae5c501addb7afdbb13687d7f2f722c78734c2d3
  Eureka: 0f64f477ec8ef6201c6fec143d60ff5c201cf654
  MarqueeLabel: 2daf039bf916937c8a4c9adfc13577cc5e51b4ce
  NotificationBannerSwift: 007774aa590cc9680647b92b2f217bef5c00c32c
  SkyFloatingLabelTextField: 38164979b79512f9ff9288ad8acfc4bbf5d843e3
  SnapKit: fe8a619752f3f27075cc9a90244d75c6c3f27e2a

PODFILE CHECKSUM: c546c100662bb4d1515dd00c3293ff4fced34e81

COCOAPODS: 1.6.0
