PODS:
  - MarqueeLabel/Swift (3.2.0)
  - NotificationBannerSwift (1.8.0):
    - MarqueeLabel/Swift (~> 3.2.0)
    - SnapKit (~> 4.0.1)
  - SkyFloatingLabelTextField (3.6.0)
  - SnapKit (4.0.1)

DEPENDENCIES:
  - NotificationBannerSwift
  - SkyFloatingLabelTextField

SPEC REPOS:
  https://github.com/cocoapods/specs.git:
    - MarqueeLabel
    - NotificationBannerSwift
    - SkyFloatingLabelTextField
    - SnapKit

SPEC CHECKSUMS:
  MarqueeLabel: 440a502b91a9179bd98f9fff00ba1150650a1c0e
  NotificationBannerSwift: 49fc4be7fabada55b189b50e72184c92edd5f7f7
  SkyFloatingLabelTextField: 38164979b79512f9ff9288ad8acfc4bbf5d843e3
  SnapKit: 0de968a9fec17499afa29683b05d0c775b6d1c29

PODFILE CHECKSUM: cf657397515620fe82a651edaf3c8154655135e4

COCOAPODS: 1.5.3
